
Microsoft Visual Studio Solution File, Format Version 12.00
# Visual Studio Version 17
VisualStudioVersion = 17.3.32825.248
MinimumVisualStudioVersion = 10.0.40219.1
Project("{FAE04EC0-301F-11D3-BF4B-00C04F79EFBC}") = "FootballLeague", "FootballLeague.csproj", "{78CAACB8-16C3-4655-A90F-F69082024826}"
EndProject
Global
	GlobalSection(SolutionConfigurationPlatforms) = preSolution
		Debug|Any CPU = Debug|Any CPU
		Release|Any CPU = Release|Any CPU
	EndGlobalSection
	GlobalSection(ProjectConfigurationPlatforms) = postSolution
		{78CAACB8-16C3-4655-A90F-F69082024826}.Debug|Any CPU.ActiveCfg = Debug|Any CPU
		{78CAACB8-16C3-4655-A90F-F69082024826}.Debug|Any CPU.Build.0 = Debug|Any CPU
		{78CAACB8-16C3-4655-A90F-F69082024826}.Release|Any CPU.ActiveCfg = Release|Any CPU
		{78CAACB8-16C3-4655-A90F-F69082024826}.Release|Any CPU.Build.0 = Release|Any CPU
	EndGlobalSection
	GlobalSection(SolutionProperties) = preSolution
		HideSolutionNode = FALSE
	EndGlobalSection
	GlobalSection(ExtensibilityGlobals) = postSolution
		SolutionGuid = {B590338A-3D4B-441A-82AA-E7FD581DF1BA}
	EndGlobalSection
EndGlobal
